
Microsoft Visual Studio Solution File, Format Version 12.00
# Visual Studio Version 17
VisualStudioVersion = 17.0.31903.59
MinimumVisualStudioVersion = 10.0.40219.1
Project("{FAE04EC0-301F-11D3-BF4B-00C04F79EFBC}") = "PortfolioService.Api", "src\PortfolioService.Api\PortfolioService.Api.csproj", "{3A39C6C9-FBE7-49DA-8B80-53B15A21E0F5}"
EndProject
Project("{FAE04EC0-301F-11D3-BF4B-00C04F79EFBC}") = "PortfolioService.IntegrationTests", "tests\PortfolioService.IntegrationTests\PortfolioService.IntegrationTests.csproj", "{D23F1841-4381-4FD5-A22C-8C740519E058}"
EndProject
Global
	GlobalSection(SolutionConfigurationPlatforms) = preSolution
		Debug|Any CPU = Debug|Any CPU
		Release|Any CPU = Release|Any CPU
	EndGlobalSection
	GlobalSection(ProjectConfigurationPlatforms) = postSolution
		{3A39C6C9-FBE7-49DA-8B80-53B15A21E0F5}.Debug|Any CPU.ActiveCfg = Debug|Any CPU
		{3A39C6C9-FBE7-49DA-8B80-53B15A21E0F5}.Debug|Any CPU.Build.0 = Debug|Any CPU
		{3A39C6C9-FBE7-49DA-8B80-53B15A21E0F5}.Release|Any CPU.ActiveCfg = Release|Any CPU
		{3A39C6C9-FBE7-49DA-8B80-53B15A21E0F5}.Release|Any CPU.Build.0 = Release|Any CPU
		{D23F1841-4381-4FD5-A22C-8C740519E058}.Debug|Any CPU.ActiveCfg = Debug|Any CPU
		{D23F1841-4381-4FD5-A22C-8C740519E058}.Debug|Any CPU.Build.0 = Debug|Any CPU
		{D23F1841-4381-4FD5-A22C-8C740519E058}.Release|Any CPU.ActiveCfg = Release|Any CPU
		{D23F1841-4381-4FD5-A22C-8C740519E058}.Release|Any CPU.Build.0 = Release|Any CPU
	EndGlobalSection
EndGlobal
